
Microsoft Visual Studio Solution File, Format Version 12.00
# Visual Studio Version 16
VisualStudioVersion = 16.0.29926.136
MinimumVisualStudioVersion = 10.0.40219.1
Project("{FAE04EC0-301F-11D3-BF4B-00C04F79EFBC}") = "MobileShop", "MobileShop\MobileShop.csproj", "{CFE871C6-6DC0-4224-8D25-AAF6E08BBD63}"
EndProject
Project("{FAE04EC0-301F-11D3-BF4B-00C04F79EFBC}") = "Model", "Model\Model.csproj", "{2DA9BBBF-EFCC-47A2-A0AA-CC131ED41ACB}"
EndProject
Global
	GlobalSection(SolutionConfigurationPlatforms) = preSolution
		Debug|Any CPU = Debug|Any CPU
		Release|Any CPU = Release|Any CPU
	EndGlobalSection
	GlobalSection(ProjectConfigurationPlatforms) = postSolution
		{CFE871C6-6DC0-4224-8D25-AAF6E08BBD63}.Debug|Any CPU.ActiveCfg = Debug|Any CPU
		{CFE871C6-6DC0-4224-8D25-AAF6E08BBD63}.Debug|Any CPU.Build.0 = Debug|Any CPU
		{CFE871C6-6DC0-4224-8D25-AAF6E08BBD63}.Release|Any CPU.ActiveCfg = Release|Any CPU
		{CFE871C6-6DC0-4224-8D25-AAF6E08BBD63}.Release|Any CPU.Build.0 = Release|Any CPU
		{2DA9BBBF-EFCC-47A2-A0AA-CC131ED41ACB}.Debug|Any CPU.ActiveCfg = Debug|Any CPU
		{2DA9BBBF-EFCC-47A2-A0AA-CC131ED41ACB}.Debug|Any CPU.Build.0 = Debug|Any CPU
		{2DA9BBBF-EFCC-47A2-A0AA-CC131ED41ACB}.Release|Any CPU.ActiveCfg = Release|Any CPU
		{2DA9BBBF-EFCC-47A2-A0AA-CC131ED41ACB}.Release|Any CPU.Build.0 = Release|Any CPU
	EndGlobalSection
	GlobalSection(SolutionProperties) = preSolution
		HideSolutionNode = FALSE
	EndGlobalSection
	GlobalSection(ExtensibilityGlobals) = postSolution
		SolutionGuid = {B244D217-F59C-4394-A197-B4F1CAB53514}
	EndGlobalSection
EndGlobal
